
Microsoft Visual Studio Solution File, Format Version 12.00
# Visual Studio Version 17
VisualStudioVersion = 17.13.35931.197
MinimumVisualStudioVersion = 10.0.40219.1
Project("{FAE04EC0-301F-11D3-BF4B-00C04F79EFBC}") = "Proyect-InvOperativa", "Proyect-InvOperativa.csproj", "{9CE465BE-8368-4D52-9182-0E17A178C30C}"
EndProject
Project("{2150E333-8FDC-42A3-9474-1A3956D46DE8}") = "Models", "Models", "{02EA681E-C7D8-13C7-8484-4AC65E1B71E8}"
EndProject
Global
	GlobalSection(SolutionConfigurationPlatforms) = preSolution
		Debug|Any CPU = Debug|Any CPU
		Release|Any CPU = Release|Any CPU
	EndGlobalSection
	GlobalSection(ProjectConfigurationPlatforms) = postSolution
		{9CE465BE-8368-4D52-9182-0E17A178C30C}.Debug|Any CPU.ActiveCfg = Debug|Any CPU
		{9CE465BE-8368-4D52-9182-0E17A178C30C}.Debug|Any CPU.Build.0 = Debug|Any CPU
		{9CE465BE-8368-4D52-9182-0E17A178C30C}.Release|Any CPU.ActiveCfg = Release|Any CPU
		{9CE465BE-8368-4D52-9182-0E17A178C30C}.Release|Any CPU.Build.0 = Release|Any CPU
	EndGlobalSection
	GlobalSection(SolutionProperties) = preSolution
		HideSolutionNode = FALSE
	EndGlobalSection
	GlobalSection(ExtensibilityGlobals) = postSolution
		SolutionGuid = {1A3C363C-7737-4573-8FA8-3B3B9BE97392}
	EndGlobalSection
EndGlobal
